
Microsoft Visual Studio Solution File, Format Version 12.00
# Visual Studio Version 17
VisualStudioVersion = 17.14.36301.6 d17.14
MinimumVisualStudioVersion = 10.0.40219.1
Project("{FAE04EC0-301F-11D3-BF4B-00C04F79EFBC}") = "CodePulse.API", "CodePulse.API\CodePulse.API.csproj", "{615C945E-CF7C-4DA3-8BB7-9F17808C1FFF}"
EndProject
Global
	GlobalSection(SolutionConfigurationPlatforms) = preSolution
		Debug|Any CPU = Debug|Any CPU
		Release|Any CPU = Release|Any CPU
	EndGlobalSection
	GlobalSection(ProjectConfigurationPlatforms) = postSolution
		{615C945E-CF7C-4DA3-8BB7-9F17808C1FFF}.Debug|Any CPU.ActiveCfg = Debug|Any CPU
		{615C945E-CF7C-4DA3-8BB7-9F17808C1FFF}.Debug|Any CPU.Build.0 = Debug|Any CPU
		{615C945E-CF7C-4DA3-8BB7-9F17808C1FFF}.Release|Any CPU.ActiveCfg = Release|Any CPU
		{615C945E-CF7C-4DA3-8BB7-9F17808C1FFF}.Release|Any CPU.Build.0 = Release|Any CPU
	EndGlobalSection
	GlobalSection(SolutionProperties) = preSolution
		HideSolutionNode = FALSE
	EndGlobalSection
	GlobalSection(ExtensibilityGlobals) = postSolution
		SolutionGuid = {705A5FE1-5E9E-47E4-A59E-F2E22F648AFA}
	EndGlobalSection
EndGlobal
